{
  "originHash" : "b8ee4f2ed28357e389f88699e09631fd18255c80959569b114fb3550bd295bed",
  "pins" : [
    {
      "identity" : "sparkle",
      "kind" : "remoteSourceControl",
      "location" : "https://github.com/sparkle-project/Sparkle",
      "state" : {
        "revision" : "ac2def288cbff5cfc7df3ffef6abdf45b72bcb0a",
        "version" : "2.9.6"
      }
    },
    {
      "identity" : "ui-library",
      "kind" : "remoteSourceControl",
      "location" : "https://github.com/sass-maker/ui-library",
      "state" : {
        "revision" : "1c01ca58049ce7534117248e8dbd284bb5269e36",
        "version" : "0.1.17"
      }
    }
  ],
  "version" : 3
}
